// !$*UTF8*$!
{
	archiveVersion = 1;
	classes = {
	};
	objectVersion = 50;
	objects = {

/* Begin PBXBuildFile section */
		0F910D3E226AC98800DB3DD4 /* AppDelegate.swift in Sources */ = {isa = PBXBuildFile; fileRef = 0F910D3D226AC98800DB3DD4 /* AppDelegate.swift */; };
		0F910D40226AC98800DB3DD4 /* ViewController.swift in Sources */ = {isa = PBXBuildFile; fileRef = 0F910D3F226AC98800DB3DD4 /* ViewController.swift */; };
		0F910D43226AC98800DB3DD4 /* Main.storyboard in Resources */ = {isa = PBXBuildFile; fileRef = 0F910D41226AC98800DB3DD4 /* Main.storyboard */; };
		0F910D45226AC98900DB3DD4 /* Assets.xcassets in Resources */ = {isa = PBXBuildFile; fileRef = 0F910D44226AC98900DB3DD4 /* Assets.xcassets */; };
		0F910D48226AC98900DB3DD4 /* LaunchScreen.storyboard in Resources */ = {isa = PBXBuildFile; fileRef = 0F910D46226AC98900DB3DD4 /* LaunchScreen.storyboard */; };
		0F910D53226AC98900DB3DD4 /* RemindDoTests.swift in Sources */ = {isa = PBXBuildFile; fileRef = 0F910D52226AC98900DB3DD4 /* RemindDoTests.swift */; };
		0F910D5E226AC98900DB3DD4 /* RemindDoUITests.swift in Sources */ = {isa = PBXBuildFile; fileRef = 0F910D5D226AC98900DB3DD4 /* RemindDoUITests.swift */; };
		0F910D6E226B088200DB3DD4 /* ListData.swift in Sources */ = {isa = PBXBuildFile; fileRef = 0F910D6D226B088200DB3DD4 /* ListData.swift */; };
		0F910D70226B0B2400DB3DD4 /* PersonListViewController.swift in Sources */ = {isa = PBXBuildFile; fileRef = 0F910D6F226B0B2400DB3DD4 /* PersonListViewController.swift */; };
		0F910D72226B20DF00DB3DD4 /* PersonListTableViewCell.swift in Sources */ = {isa = PBXBuildFile; fileRef = 0F910D71226B20DF00DB3DD4 /* PersonListTableViewCell.swift */; };
		0FBCF8AC2270E04500DDFA89 /* TopicTableViewCell.swift in Sources */ = {isa = PBXBuildFile; fileRef = 0FBCF8AB2270E04500DDFA89 /* TopicTableViewCell.swift */; };
/* End PBXBuildFile section */

/* Begin PBXContainerItemProxy section */
		0F910D4F226AC98900DB3DD4 /* PBXContainerItemProxy */ = {
			isa = PBXContainerItemProxy;
			containerPortal = 0F910D32226AC98800DB3DD4 /* Project object */;
			proxyType = 1;
			remoteGlobalIDString = 0F910D39226AC98800DB3DD4;
			remoteInfo = RemindDo;
		};
		0F910D5A226AC98900DB3DD4 /* PBXContainerItemProxy */ = {
			isa = PBXContainerItemProxy;
			containerPortal = 0F910D32226AC98800DB3DD4 /* Project object */;
			proxyType = 1;
			remoteGlobalIDString = 0F910D39226AC98800DB3DD4;
			remoteInfo = RemindDo;
		};
/* End PBXContainerItemProxy section */

/* Begin PBXFileReference section */
		0F910D3A226AC98800DB3DD4 /* RemindDo.app */ = {isa = PBXFileReference; explicitFileType = wrapper.application; includeInIndex = 0; path = RemindDo.app; sourceTree = BUILT_PRODUCTS_DIR; };
		0F910D3D226AC98800DB3DD4 /* AppDelegate.swift */ = {isa = PBXFileReference; lastKnownFileType = sourcecode.swift; path = AppDelegate.swift; sourceTree = "<group>"; };
		0F910D3F226AC98800DB3DD4 /* ViewController.swift */ = {isa = PBXFileReference; lastKnownFileType = sourcecode.swift; path = ViewController.swift; sourceTree = "<group>"; };
		0F910D42226AC98800DB3DD4 /* Base */ = {isa = PBXFileReference; lastKnownFileType = file.storyboard; name = Base; path = Base.lproj/Main.storyboard; sourceTree = "<group>"; };
		0F910D44226AC98900DB3DD4 /* Assets.xcassets */ = {isa = PBXFileReference; lastKnownFileType = folder.assetcatalog; path = Assets.xcassets; sourceTree = "<group>"; };
		0F910D47226AC98900DB3DD4 /* Base */ = {isa = PBXFileReference; lastKnownFileType = file.storyboard; name = Base; path = Base.lproj/LaunchScreen.storyboard; sourceTree = "<group>"; };
		0F910D49226AC98900DB3DD4 /* Info.plist */ = {isa = PBXFileReference; lastKnownFileType = text.plist.xml; path = Info.plist; sourceTree = "<group>"; };
		0F910D4E226AC98900DB3DD4 /* RemindDoTests.xctest */ = {isa = PBXFileReference; explicitFileType = wrapper.cfbundle; includeInIndex = 0; path = RemindDoTests.xctest; sourceTree = BUILT_PRODUCTS_DIR; };
		0F910D52226AC98900DB3DD4 /* RemindDoTests.swift */ = {isa = PBXFileReference; lastKnownFileType = sourcecode.swift; path = RemindDoTests.swift; sourceTree = "<group>"; };
		0F910D54226AC98900DB3DD4 /* Info.plist */ = {isa = PBXFileReference; lastKnownFileType = text.plist.xml; path = Info.plist; sourceTree = "<group>"; };
		0F910D59226AC98900DB3DD4 /* RemindDoUITests.xctest */ = {isa = PBXFileReference; explicitFileType = wrapper.cfbundle; includeInIndex = 0; path = RemindDoUITests.xctest; sourceTree = BUILT_PRODUCTS_DIR; };
		0F910D5D226AC98900DB3DD4 /* RemindDoUITests.swift */ = {isa = PBXFileReference; lastKnownFileType = sourcecode.swift; path = RemindDoUITests.swift; sourceTree = "<group>"; };
		0F910D5F226AC98900DB3DD4 /* Info.plist */ = {isa = PBXFileReference; lastKnownFileType = text.plist.xml; path = Info.plist; sourceTree = "<group>"; };
		0F910D6D226B088200DB3DD4 /* ListData.swift */ = {isa = PBXFileReference; lastKnownFileType = sourcecode.swift; path = ListData.swift; sourceTree = "<group>"; };
		0F910D6F226B0B2400DB3DD4 /* PersonListViewController.swift */ = {isa = PBXFileReference; lastKnownFileType = sourcecode.swift; path = PersonListViewController.swift; sourceTree = "<group>"; };
		0F910D71226B20DF00DB3DD4 /* PersonListTableViewCell.swift */ = {isa = PBXFileReference; lastKnownFileType = sourcecode.swift; path = PersonListTableViewCell.swift; sourceTree = "<group>"; };
		0FBCF8AB2270E04500DDFA89 /* TopicTableViewCell.swift */ = {isa = PBXFileReference; lastKnownFileType = sourcecode.swift; path = TopicTableViewCell.swift; sourceTree = "<group>"; };
/* End PBXFileReference section */

/* Begin PBXFrameworksBuildPhase section */
		0F910D37226AC98800DB3DD4 /* Frameworks */ = {
			isa = PBXFrameworksBuildPhase;
			buildActionMask = 2147483647;
			files = (
			);
			runOnlyForDeploymentPostprocessing = 0;
		};
		0F910D4B226AC98900DB3DD4 /* Frameworks */ = {
			isa = PBXFrameworksBuildPhase;
			buildActionMask = 2147483647;
			files = (
			);
			runOnlyForDeploymentPostprocessing = 0;
		};
		0F910D56226AC98900DB3DD4 /* Frameworks */ = {
			isa = PBXFrameworksBuildPhase;
			buildActionMask = 2147483647;
			files = (
			);
			runOnlyForDeploymentPostprocessing = 0;
		};
/* End PBXFrameworksBuildPhase section */

/* Begin PBXGroup section */
		0F910D31226AC98800DB3DD4 = {
			isa = PBXGroup;
			children = (
				0F910D3C226AC98800DB3DD4 /* RemindDo */,
				0F910D51226AC98900DB3DD4 /* RemindDoTests */,
				0F910D5C226AC98900DB3DD4 /* RemindDoUITests */,
				0F910D3B226AC98800DB3DD4 /* Products */,
			);
			sourceTree = "<group>";
		};
		0F910D3B226AC98800DB3DD4 /* Products */ = {
			isa = PBXGroup;
			children = (
				0F910D3A226AC98800DB3DD4 /* RemindDo.app */,
				0F910D4E226AC98900DB3DD4 /* RemindDoTests.xctest */,
				0F910D59226AC98900DB3DD4 /* RemindDoUITests.xctest */,
			);
			name = Products;
			sourceTree = "<group>";
		};
		0F910D3C226AC98800DB3DD4 /* RemindDo */ = {
			isa = PBXGroup;
			children = (
				0F910D3D226AC98800DB3DD4 /* AppDelegate.swift */,
				0F910D6D226B088200DB3DD4 /* ListData.swift */,
				0F910D3F226AC98800DB3DD4 /* ViewController.swift */,
				0FBCF8AB2270E04500DDFA89 /* TopicTableViewCell.swift */,
				0F910D6F226B0B2400DB3DD4 /* PersonListViewController.swift */,
				0F910D71226B20DF00DB3DD4 /* PersonListTableViewCell.swift */,
				0F910D41226AC98800DB3DD4 /* Main.storyboard */,
				0F910D44226AC98900DB3DD4 /* Assets.xcassets */,
				0F910D46226AC98900DB3DD4 /* LaunchScreen.storyboard */,
				0F910D49226AC98900DB3DD4 /* Info.plist */,
			);
			path = RemindDo;
			sourceTree = "<group>";
		};
		0F910D51226AC98900DB3DD4 /* RemindDoTests */ = {
			isa = PBXGroup;
			children = (
				0F910D52226AC98900DB3DD4 /* RemindDoTests.swift */,
				0F910D54226AC98900DB3DD4 /* Info.plist */,
			);
			path = RemindDoTests;
			sourceTree = "<group>";
		};
		0F910D5C226AC98900DB3DD4 /* RemindDoUITests */ = {
			isa = PBXGroup;
			children = (
				0F910D5D226AC98900DB3DD4 /* RemindDoUITests.swift */,
				0F910D5F226AC98900DB3DD4 /* Info.plist */,
			);
			path = RemindDoUITests;
			sourceTree = "<group>";
		};
/* End PBXGroup section */

/* Begin PBXNativeTarget section */
		0F910D39226AC98800DB3DD4 /* RemindDo */ = {
			isa = PBXNativeTarget;
			buildConfigurationList = 0F910D62226AC98900DB3DD4 /* Build configuration list for PBXNativeTarget "RemindDo" */;
			buildPhases = (
				0F910D36226AC98800DB3DD4 /* Sources */,
				0F910D37226AC98800DB3DD4 /* Frameworks */,
				0F910D38226AC98800DB3DD4 /* Resources */,
			);
			buildRules = (
			);
			dependencies = (
			);
			name = RemindDo;
			productName = RemindDo;
			productReference = 0F910D3A226AC98800DB3DD4 /* RemindDo.app */;
			productType = "com.apple.product-type.application";
		};
		0F910D4D226AC98900DB3DD4 /* RemindDoTests */ = {
			isa = PBXNativeTarget;
			buildConfigurationList = 0F910D65226AC98900DB3DD4 /* Build configuration list for PBXNativeTarget "RemindDoTests" */;
			buildPhases = (
				0F910D4A226AC98900DB3DD4 /* Sources */,
				0F910D4B226AC98900DB3DD4 /* Frameworks */,
				0F910D4C226AC98900DB3DD4 /* Resources */,
			);
			buildRules = (
			);
			dependencies = (
				0F910D50226AC98900DB3DD4 /* PBXTargetDependency */,
			);
			name = RemindDoTests;
			productName = RemindDoTests;
			productReference = 0F910D4E226AC98900DB3DD4 /* RemindDoTests.xctest */;
			productType = "com.apple.product-type.bundle.unit-test";
		};
		0F910D58226AC98900DB3DD4 /* RemindDoUITests */ = {
			isa = PBXNativeTarget;
			buildConfigurationList = 0F910D68226AC98900DB3DD4 /* Build configuration list for PBXNativeTarget "RemindDoUITests" */;
			buildPhases = (
				0F910D55226AC98900DB3DD4 /* Sources */,
				0F910D56226AC98900DB3DD4 /* Frameworks */,
				0F910D57226AC98900DB3DD4 /* Resources */,
			);
			buildRules = (
			);
			dependencies = (
				0F910D5B226AC98900DB3DD4 /* PBXTargetDependency */,
			);
			name = RemindDoUITests;
			productName = RemindDoUITests;
			productReference = 0F910D59226AC98900DB3DD4 /* RemindDoUITests.xctest */;
			productType = "com.apple.product-type.bundle.ui-testing";
		};
/* End PBXNativeTarget section */

/* Begin PBXProject section */
		0F910D32226AC98800DB3DD4 /* Project object */ = {
			isa = PBXProject;
			attributes = {
				LastSwiftUpdateCheck = 1020;
				LastUpgradeCheck = 1020;
				ORGANIZATIONNAME = "Nathachai Bangkung";
				TargetAttributes = {
					0F910D39226AC98800DB3DD4 = {
						CreatedOnToolsVersion = 10.2.1;
					};
					0F910D4D226AC98900DB3DD4 = {
						CreatedOnToolsVersion = 10.2.1;
						TestTargetID = 0F910D39226AC98800DB3DD4;
					};
					0F910D58226AC98900DB3DD4 = {
						CreatedOnToolsVersion = 10.2.1;
						TestTargetID = 0F910D39226AC98800DB3DD4;
					};
				};
			};
			buildConfigurationList = 0F910D35226AC98800DB3DD4 /* Build configuration list for PBXProject "RemindDo" */;
			compatibilityVersion = "Xcode 9.3";
			developmentRegion = en;
			hasScannedForEncodings = 0;
			knownRegions = (
				en,
				Base,
			);
			mainGroup = 0F910D31226AC98800DB3DD4;
			productRefGroup = 0F910D3B226AC98800DB3DD4 /* Products */;
			projectDirPath = "";
			projectRoot = "";
			targets = (
				0F910D39226AC98800DB3DD4 /* RemindDo */,
				0F910D4D226AC98900DB3DD4 /* RemindDoTests */,
				0F910D58226AC98900DB3DD4 /* RemindDoUITests */,
			);
		};
/* End PBXProject section */

/* Begin PBXResourcesBuildPhase section */
		0F910D38226AC98800DB3DD4 /* Resources */ = {
			isa = PBXResourcesBuildPhase;
			buildActionMask = 2147483647;
			files = (
				0F910D48226AC98900DB3DD4 /* LaunchScreen.storyboard in Resources */,
				0F910D45226AC98900DB3DD4 /* Assets.xcassets in Resources */,
				0F910D43226AC98800DB3DD4 /* Main.storyboard in Resources */,
			);
			runOnlyForDeploymentPostprocessing = 0;
		};
		0F910D4C226AC98900DB3DD4 /* Resources */ = {
			isa = PBXResourcesBuildPhase;
			buildActionMask = 2147483647;
			files = (
			);
			runOnlyForDeploymentPostprocessing = 0;
		};
		0F910D57226AC98900DB3DD4 /* Resources */ = {
			isa = PBXResourcesBuildPhase;
			buildActionMask = 2147483647;
			files = (
			);
			runOnlyForDeploymentPostprocessing = 0;
		};
/* End PBXResourcesBuildPhase section */

/* Begin PBXSourcesBuildPhase section */
		0F910D36226AC98800DB3DD4 /* Sources */ = {
			isa = PBXSourcesBuildPhase;
			buildActionMask = 2147483647;
			files = (
				0F910D40226AC98800DB3DD4 /* ViewController.swift in Sources */,
				0FBCF8AC2270E04500DDFA89 /* TopicTableViewCell.swift in Sources */,
				0F910D70226B0B2400DB3DD4 /* PersonListViewController.swift in Sources */,
				0F910D3E226AC98800DB3DD4 /* AppDelegate.swift in Sources */,
				0F910D72226B20DF00DB3DD4 /* PersonListTableViewCell.swift in Sources */,
				0F910D6E226B088200DB3DD4 /* ListData.swift in Sources */,
			);
			runOnlyForDeploymentPostprocessing = 0;
		};
		0F910D4A226AC98900DB3DD4 /* Sources */ = {
			isa = PBXSourcesBuildPhase;
			buildActionMask = 2147483647;
			files = (
				0F910D53226AC98900DB3DD4 /* RemindDoTests.swift in Sources */,
			);
			runOnlyForDeploymentPostprocessing = 0;
		};
		0F910D55226AC98900DB3DD4 /* Sources */ = {
			isa = PBXSourcesBuildPhase;
			buildActionMask = 2147483647;
			files = (
				0F910D5E226AC98900DB3DD4 /* RemindDoUITests.swift in Sources */,
			);
			runOnlyForDeploymentPostprocessing = 0;
		};
/* End PBXSourcesBuildPhase section */

/* Begin PBXTargetDependency section */
		0F910D50226AC98900DB3DD4 /* PBXTargetDependency */ = {
			isa = PBXTargetDependency;
			target = 0F910D39226AC98800DB3DD4 /* RemindDo */;
			targetProxy = 0F910D4F226AC98900DB3DD4 /* PBXContainerItemProxy */;
		};
		0F910D5B226AC98900DB3DD4 /* PBXTargetDependency */ = {
			isa = PBXTargetDependency;
			target = 0F910D39226AC98800DB3DD4 /* RemindDo */;
			targetProxy = 0F910D5A226AC98900DB3DD4 /* PBXContainerItemProxy */;
		};
/* End PBXTargetDependency section */

/* Begin PBXVariantGroup section */
		0F910D41226AC98800DB3DD4 /* Main.storyboard */ = {
			isa = PBXVariantGroup;
			children = (
				0F910D42226AC98800DB3DD4 /* Base */,
			);
			name = Main.storyboard;
			sourceTree = "<group>";
		};
		0F910D46226AC98900DB3DD4 /* LaunchScreen.storyboard */ = {
			isa = PBXVariantGroup;
			children = (
				0F910D47226AC98900DB3DD4 /* Base */,
			);
			name = LaunchScreen.storyboard;
			sourceTree = "<group>";
		};
/* End PBXVariantGroup section */

/* Begin XCBuildConfiguration section */
		0F910D60226AC98900DB3DD4 /* Debug */ = {
			isa = XCBuildConfiguration;
			buildSettings = {
				ALWAYS_SEARCH_USER_PATHS = NO;
				CLANG_ANALYZER_NONNULL = YES;
				CLANG_ANALYZER_NUMBER_OBJECT_CONVERSION = YES_AGGRESSIVE;
				CLANG_CXX_LANGUAGE_STANDARD = "gnu++14";
				CLANG_CXX_LIBRARY = "libc++";
				CLANG_ENABLE_MODULES = YES;
				CLANG_ENABLE_OBJC_ARC = YES;
				CLANG_ENABLE_OBJC_WEAK = YES;
				CLANG_WARN_BLOCK_CAPTURE_AUTORELEASING = YES;
				CLANG_WARN_BOOL_CONVERSION = YES;
				CLANG_WARN_COMMA = YES;
				CLANG_WARN_CONSTANT_CONVERSION = YES;
				CLANG_WARN_DEPRECATED_OBJC_IMPLEMENTATIONS = YES;
				CLANG_WARN_DIRECT_OBJC_ISA_USAGE = YES_ERROR;
				CLANG_WARN_DOCUMENTATION_COMMENTS = YES;
				CLANG_WARN_EMPTY_BODY = YES;
				CLANG_WARN_ENUM_CONVERSION = YES;
				CLANG_WARN_INFINITE_RECURSION = YES;
				CLANG_WARN_INT_CONVERSION = YES;
				CLANG_WARN_NON_LITERAL_NULL_CONVERSION = YES;
				CLANG_WARN_OBJC_IMPLICIT_RETAIN_SELF = YES;
				CLANG_WARN_OBJC_LITERAL_CONVERSION = YES;
				CLANG_WARN_OBJC_ROOT_CLASS = YES_ERROR;
				CLANG_WARN_RANGE_LOOP_ANALYSIS = YES;
				CLANG_WARN_STRICT_PROTOTYPES = YES;
				CLANG_WARN_SUSPICIOUS_MOVE = YES;
				CLANG_WARN_UNGUARDED_AVAILABILITY = YES_AGGRESSIVE;
				CLANG_WARN_UNREACHABLE_CODE = YES;
				CLANG_WARN__DUPLICATE_METHOD_MATCH = YES;
				CODE_SIGN_IDENTITY = "iPhone Developer";
				COPY_PHASE_STRIP = NO;
				DEBUG_INFORMATION_FORMAT = dwarf;
				ENABLE_STRICT_OBJC_MSGSEND = YES;
				ENABLE_TESTABILITY = YES;
				GCC_C_LANGUAGE_STANDARD = gnu11;
				GCC_DYNAMIC_NO_PIC = NO;
				GCC_NO_COMMON_BLOCKS = YES;
				GCC_OPTIMIZATION_LEVEL = 0;
				GCC_PREPROCESSOR_DEFINITIONS = (
					"DEBUG=1",
					"$(inherited)",
				);
				GCC_WARN_64_TO_32_BIT_CONVERSION = YES;
				GCC_WARN_ABOUT_RETURN_TYPE = YES_ERROR;
				GCC_WARN_UNDECLARED_SELECTOR = YES;
				GCC_WARN_UNINITIALIZED_AUTOS = YES_AGGRESSIVE;
				GCC_WARN_UNUSED_FUNCTION = YES;
				GCC_WARN_UNUSED_VARIABLE = YES;
				IPHONEOS_DEPLOYMENT_TARGET = 12.2;
				MTL_ENABLE_DEBUG_INFO = INCLUDE_SOURCE;
				MTL_FAST_MATH = YES;
				ONLY_ACTIVE_ARCH = YES;
				SDKROOT = iphoneos;
				SWIFT_ACTIVE_COMPILATION_CONDITIONS = DEBUG;
				SWIFT_OPTIMIZATION_LEVEL = "-Onone";
			};
			name = Debug;
		};
		0F910D61226AC98900DB3DD4 /* Release */ = {
			isa = XCBuildConfiguration;
			buildSettings = {
				ALWAYS_SEARCH_USER_PATHS = NO;
				CLANG_ANALYZER_NONNULL = YES;
				CLANG_ANALYZER_NUMBER_OBJECT_CONVERSION = YES_AGGRESSIVE;
				CLANG_CXX_LANGUAGE_STANDARD = "gnu++14";
				CLANG_CXX_LIBRARY = "libc++";
				CLANG_ENABLE_MODULES = YES;
				CLANG_ENABLE_OBJC_ARC = YES;
				CLANG_ENABLE_OBJC_WEAK = YES;
				CLANG_WARN_BLOCK_CAPTURE_AUTORELEASING = YES;
				CLANG_WARN_BOOL_CONVERSION = YES;
				CLANG_WARN_COMMA = YES;
				CLANG_WARN_CONSTANT_CONVERSION = YES;
				CLANG_WARN_DEPRECATED_OBJC_IMPLEMENTATIONS = YES;
				CLANG_WARN_DIRECT_OBJC_ISA_USAGE = YES_ERROR;
				CLANG_WARN_DOCUMENTATION_COMMENTS = YES;
				CLANG_WARN_EMPTY_BODY = YES;
				CLANG_WARN_ENUM_CONVERSION = YES;
				CLANG_WARN_INFINITE_RECURSION = YES;
				CLANG_WARN_INT_CONVERSION = YES;
				CLANG_WARN_NON_LITERAL_NULL_CONVERSION = YES;
				CLANG_WARN_OBJC_IMPLICIT_RETAIN_SELF = YES;
				CLANG_WARN_OBJC_LITERAL_CONVERSION = YES;
				CLANG_WARN_OBJC_ROOT_CLASS = YES_ERROR;
				CLANG_WARN_RANGE_LOOP_ANALYSIS = YES;
				CLANG_WARN_STRICT_PROTOTYPES = YES;
				CLANG_WARN_SUSPICIOUS_MOVE = YES;
				CLANG_WARN_UNGUARDED_AVAILABILITY = YES_AGGRESSIVE;
				CLANG_WARN_UNREACHABLE_CODE = YES;
				CLANG_WARN__DUPLICATE_METHOD_MATCH = YES;
				CODE_SIGN_IDENTITY = "iPhone Developer";
				COPY_PHASE_STRIP = NO;
				DEBUG_INFORMATION_FORMAT = "dwarf-with-dsym";
				ENABLE_NS_ASSERTIONS = NO;
				ENABLE_STRICT_OBJC_MSGSEND = YES;
				GCC_C_LANGUAGE_STANDARD = gnu11;
				GCC_NO_COMMON_BLOCKS = YES;
				GCC_WARN_64_TO_32_BIT_CONVERSION = YES;
				GCC_WARN_ABOUT_RETURN_TYPE = YES_ERROR;
				GCC_WARN_UNDECLARED_SELECTOR = YES;
				GCC_WARN_UNINITIALIZED_AUTOS = YES_AGGRESSIVE;
				GCC_WARN_UNUSED_FUNCTION = YES;
				GCC_WARN_UNUSED_VARIABLE = YES;
				IPHONEOS_DEPLOYMENT_TARGET = 12.2;
				MTL_ENABLE_DEBUG_INFO = NO;
				MTL_FAST_MATH = YES;
				SDKROOT = iphoneos;
				SWIFT_COMPILATION_MODE = wholemodule;
				SWIFT_OPTIMIZATION_LEVEL = "-O";
				VALIDATE_PRODUCT = YES;
			};
			name = Release;
		};
		0F910D63226AC98900DB3DD4 /* Debug */ = {
			isa = XCBuildConfiguration;
			buildSettings = {
				ASSETCATALOG_COMPILER_APPICON_NAME = AppIcon;
				CODE_SIGN_STYLE = Automatic;
				DEVELOPMENT_TEAM = 72QDW96HD8;
				INFOPLIST_FILE = RemindDo/Info.plist;
				LD_RUNPATH_SEARCH_PATHS = (
					"$(inherited)",
					"@executable_path/Frameworks",
				);
				PRODUCT_BUNDLE_IDENTIFIER = com.nathachai.RemindDo;
				PRODUCT_NAME = "$(TARGET_NAME)";
				SWIFT_VERSION = 5.0;
				TARGETED_DEVICE_FAMILY = "1,2";
			};
			name = Debug;
		};
		0F910D64226AC98900DB3DD4 /* Release */ = {
			isa = XCBuildConfiguration;
			buildSettings = {
				ASSETCATALOG_COMPILER_APPICON_NAME = AppIcon;
				CODE_SIGN_STYLE = Automatic;
				DEVELOPMENT_TEAM = 72QDW96HD8;
				INFOPLIST_FILE = RemindDo/Info.plist;
				LD_RUNPATH_SEARCH_PATHS = (
					"$(inherited)",
					"@executable_path/Frameworks",
				);
				PRODUCT_BUNDLE_IDENTIFIER = com.nathachai.RemindDo;
				PRODUCT_NAME = "$(TARGET_NAME)";
				SWIFT_VERSION = 5.0;
				TARGETED_DEVICE_FAMILY = "1,2";
			};
			name = Release;
		};
		0F910D66226AC98900DB3DD4 /* Debug */ = {
			isa = XCBuildConfiguration;
			buildSettings = {
				ALWAYS_EMBED_SWIFT_STANDARD_LIBRARIES = YES;
				BUNDLE_LOADER = "$(TEST_HOST)";
				CODE_SIGN_STYLE = Automatic;
				DEVELOPMENT_TEAM = 72QDW96HD8;
				INFOPLIST_FILE = RemindDoTests/Info.plist;
				LD_RUNPATH_SEARCH_PATHS = (
					"$(inherited)",
					"@executable_path/Frameworks",
					"@loader_path/Frameworks",
				);
				PRODUCT_BUNDLE_IDENTIFIER = com.nathachai.RemindDoTests;
				PRODUCT_NAME = "$(TARGET_NAME)";
				SWIFT_VERSION = 5.0;
				TARGETED_DEVICE_FAMILY = "1,2";
				TEST_HOST = "$(BUILT_PRODUCTS_DIR)/RemindDo.app/RemindDo";
			};
			name = Debug;
		};
		0F910D67226AC98900DB3DD4 /* Release */ = {
			isa = XCBuildConfiguration;
			buildSettings = {
				ALWAYS_EMBED_SWIFT_STANDARD_LIBRARIES = YES;
				BUNDLE_LOADER = "$(TEST_HOST)";
				CODE_SIGN_STYLE = Automatic;
				DEVELOPMENT_TEAM = 72QDW96HD8;
				INFOPLIST_FILE = RemindDoTests/Info.plist;
				LD_RUNPATH_SEARCH_PATHS = (
					"$(inherited)",
					"@executable_path/Frameworks",
					"@loader_path/Frameworks",
				);
				PRODUCT_BUNDLE_IDENTIFIER = com.nathachai.RemindDoTests;
				PRODUCT_NAME = "$(TARGET_NAME)";
				SWIFT_VERSION = 5.0;
				TARGETED_DEVICE_FAMILY = "1,2";
				TEST_HOST = "$(BUILT_PRODUCTS_DIR)/RemindDo.app/RemindDo";
			};
			name = Release;
		};
		0F910D69226AC98900DB3DD4 /* Debug */ = {
			isa = XCBuildConfiguration;
			buildSettings = {
				ALWAYS_EMBED_SWIFT_STANDARD_LIBRARIES = YES;
				CODE_SIGN_STYLE = Automatic;
				DEVELOPMENT_TEAM = 72QDW96HD8;
				INFOPLIST_FILE = RemindDoUITests/Info.plist;
				LD_RUNPATH_SEARCH_PATHS = (
					"$(inherited)",
					"@executable_path/Frameworks",
					"@loader_path/Frameworks",
				);
				PRODUCT_BUNDLE_IDENTIFIER = com.nathachai.RemindDoUITests;
				PRODUCT_NAME = "$(TARGET_NAME)";
				SWIFT_VERSION = 5.0;
				TARGETED_DEVICE_FAMILY = "1,2";
				TEST_TARGET_NAME = RemindDo;
			};
			name = Debug;
		};
		0F910D6A226AC98900DB3DD4 /* Release */ = {
			isa = XCBuildConfiguration;
			buildSettings = {
				ALWAYS_EMBED_SWIFT_STANDARD_LIBRARIES = YES;
				CODE_SIGN_STYLE = Automatic;
				DEVELOPMENT_TEAM = 72QDW96HD8;
				INFOPLIST_FILE = RemindDoUITests/Info.plist;
				LD_RUNPATH_SEARCH_PATHS = (
					"$(inherited)",
					"@executable_path/Frameworks",
					"@loader_path/Frameworks",
				);
				PRODUCT_BUNDLE_IDENTIFIER = com.nathachai.RemindDoUITests;
				PRODUCT_NAME = "$(TARGET_NAME)";
				SWIFT_VERSION = 5.0;
				TARGETED_DEVICE_FAMILY = "1,2";
				TEST_TARGET_NAME = RemindDo;
			};
			name = Release;
		};
/* End XCBuildConfiguration section */

/* Begin XCConfigurationList section */
		0F910D35226AC98800DB3DD4 /* Build configuration list for PBXProject "RemindDo" */ = {
			isa = XCConfigurationList;
			buildConfigurations = (
				0F910D60226AC98900DB3DD4 /* Debug */,
				0F910D61226AC98900DB3DD4 /* Release */,
			);
			defaultConfigurationIsVisible = 0;
			defaultConfigurationName = Release;
		};
		0F910D62226AC98900DB3DD4 /* Build configuration list for PBXNativeTarget "RemindDo" */ = {
			isa = XCConfigurationList;
			buildConfigurations = (
				0F910D63226AC98900DB3DD4 /* Debug */,
				0F910D64226AC98900DB3DD4 /* Release */,
			);
			defaultConfigurationIsVisible = 0;
			defaultConfigurationName = Release;
		};
		0F910D65226AC98900DB3DD4 /* Build configuration list for PBXNativeTarget "RemindDoTests" */ = {
			isa = XCConfigurationList;
			buildConfigurations = (
				0F910D66226AC98900DB3DD4 /* Debug */,
				0F910D67226AC98900DB3DD4 /* Release */,
			);
			defaultConfigurationIsVisible = 0;
			defaultConfigurationName = Release;
		};
		0F910D68226AC98900DB3DD4 /* Build configuration list for PBXNativeTarget "RemindDoUITests" */ = {
			isa = XCConfigurationList;
			buildConfigurations = (
				0F910D69226AC98900DB3DD4 /* Debug */,
				0F910D6A226AC98900DB3DD4 /* Release */,
			);
			defaultConfigurationIsVisible = 0;
			defaultConfigurationName = Release;
		};
/* End XCConfigurationList section */
	};
	rootObject = 0F910D32226AC98800DB3DD4 /* Project object */;
}
